// !$*UTF8*$!
{
	archiveVersion = 1;
	classes = {
	};
	objectVersion = 50;
	objects = {

/* Begin PBXBuildFile section */
		546F0B44240664B4000A2BCE /* AppDelegate.swift in Sources */ = {isa = PBXBuildFile; fileRef = 546F0B43240664B4000A2BCE /* AppDelegate.swift */; };
		546F0B46240664B4000A2BCE /* SceneDelegate.swift in Sources */ = {isa = PBXBuildFile; fileRef = 546F0B45240664B4000A2BCE /* SceneDelegate.swift */; };
		546F0B48240664B4000A2BCE /* ViewController.swift in Sources */ = {isa = PBXBuildFile; fileRef = 546F0B47240664B4000A2BCE /* ViewController.swift */; };
		546F0B4B240664B4000A2BCE /* Main.storyboard in Resources */ = {isa = PBXBuildFile; fileRef = 546F0B49240664B4000A2BCE /* Main.storyboard */; };
		546F0B4D240664B5000A2BCE /* Assets.xcassets in Resources */ = {isa = PBXBuildFile; fileRef = 546F0B4C240664B5000A2BCE /* Assets.xcassets */; };
		546F0B50240664B5000A2BCE /* LaunchScreen.storyboard in Resources */ = {isa = PBXBuildFile; fileRef = 546F0B4E240664B5000A2BCE /* LaunchScreen.storyboard */; };
		546F0B5824069451000A2BCE /* MFAlertView.swift in Sources */ = {isa = PBXBuildFile; fileRef = 546F0B5724069451000A2BCE /* MFAlertView.swift */; };
/* End PBXBuildFile section */

/* Begin PBXFileReference section */
		546F0B40240664B4000A2BCE /* MFAlertView.app */ = {isa = PBXFileReference; explicitFileType = wrapper.application; includeInIndex = 0; path = MFAlertView.app; sourceTree = BUILT_PRODUCTS_DIR; };
		546F0B43240664B4000A2BCE /* AppDelegate.swift */ = {isa = PBXFileReference; lastKnownFileType = sourcecode.swift; path = AppDelegate.swift; sourceTree = "<group>"; };
		546F0B45240664B4000A2BCE /* SceneDelegate.swift */ = {isa = PBXFileReference; lastKnownFileType = sourcecode.swift; path = SceneDelegate.swift; sourceTree = "<group>"; };
		546F0B47240664B4000A2BCE /* ViewController.swift */ = {isa = PBXFileReference; lastKnownFileType = sourcecode.swift; path = ViewController.swift; sourceTree = "<group>"; };
		546F0B4A240664B4000A2BCE /* Base */ = {isa = PBXFileReference; lastKnownFileType = file.storyboard; name = Base; path = Base.lproj/Main.storyboard; sourceTree = "<group>"; };
		546F0B4C240664B5000A2BCE /* Assets.xcassets */ = {isa = PBXFileReference; lastKnownFileType = folder.assetcatalog; path = Assets.xcassets; sourceTree = "<group>"; };
		546F0B4F240664B5000A2BCE /* Base */ = {isa = PBXFileReference; lastKnownFileType = file.storyboard; name = Base; path = Base.lproj/LaunchScreen.storyboard; sourceTree = "<group>"; };
		546F0B51240664B5000A2BCE /* Info.plist */ = {isa = PBXFileReference; lastKnownFileType = text.plist.xml; path = Info.plist; sourceTree = "<group>"; };
		546F0B5724069451000A2BCE /* MFAlertView.swift */ = {isa = PBXFileReference; lastKnownFileType = sourcecode.swift; path = MFAlertView.swift; sourceTree = "<group>"; };
/* End PBXFileReference section */

/* Begin PBXFrameworksBuildPhase section */
		546F0B3D240664B4000A2BCE /* Frameworks */ = {
			isa = PBXFrameworksBuildPhase;
			buildActionMask = 2147483647;
			files = (
			);
			runOnlyForDeploymentPostprocessing = 0;
		};
/* End PBXFrameworksBuildPhase section */

/* Begin PBXGroup section */
		546F0B37240664B4000A2BCE = {
			isa = PBXGroup;
			children = (
				546F0B42240664B4000A2BCE /* MFAlertView */,
				546F0B41240664B4000A2BCE /* Products */,
			);
			sourceTree = "<group>";
		};
		546F0B41240664B4000A2BCE /* Products */ = {
			isa = PBXGroup;
			children = (
				546F0B40240664B4000A2BCE /* MFAlertView.app */,
			);
			name = Products;
			sourceTree = "<group>";
		};
		546F0B42240664B4000A2BCE /* MFAlertView */ = {
			isa = PBXGroup;
			children = (
				546F0B43240664B4000A2BCE /* AppDelegate.swift */,
				546F0B45240664B4000A2BCE /* SceneDelegate.swift */,
				546F0B47240664B4000A2BCE /* ViewController.swift */,
				546F0B49240664B4000A2BCE /* Main.storyboard */,
				546F0B4C240664B5000A2BCE /* Assets.xcassets */,
				546F0B4E240664B5000A2BCE /* LaunchScreen.storyboard */,
				546F0B51240664B5000A2BCE /* Info.plist */,
				546F0B5724069451000A2BCE /* MFAlertView.swift */,
			);
			path = MFAlertView;
			sourceTree = "<group>";
		};
/* End PBXGroup section */

/* Begin PBXNativeTarget section */
		546F0B3F240664B4000A2BCE /* MFAlertView */ = {
			isa = PBXNativeTarget;
			buildConfigurationList = 546F0B54240664B5000A2BCE /* Build configuration list for PBXNativeTarget "MFAlertView" */;
			buildPhases = (
				546F0B3C240664B4000A2BCE /* Sources */,
				546F0B3D240664B4000A2BCE /* Frameworks */,
				546F0B3E240664B4000A2BCE /* Resources */,
			);
			buildRules = (
			);
			dependencies = (
			);
			name = MFAlertView;
			productName = MFAlertView;
			productReference = 546F0B40240664B4000A2BCE /* MFAlertView.app */;
			productType = "com.apple.product-type.application";
		};
/* End PBXNativeTarget section */

/* Begin PBXProject section */
		546F0B38240664B4000A2BCE /* Project object */ = {
			isa = PBXProject;
			attributes = {
				LastSwiftUpdateCheck = 1130;
				LastUpgradeCheck = 1130;
				ORGANIZATIONNAME = "王雪慧";
				TargetAttributes = {
					546F0B3F240664B4000A2BCE = {
						CreatedOnToolsVersion = 11.3.1;
					};
				};
			};
			buildConfigurationList = 546F0B3B240664B4000A2BCE /* Build configuration list for PBXProject "MFAlertView" */;
			compatibilityVersion = "Xcode 9.3";
			developmentRegion = en;
			hasScannedForEncodings = 0;
			knownRegions = (
				en,
				Base,
			);
			mainGroup = 546F0B37240664B4000A2BCE;
			productRefGroup = 546F0B41240664B4000A2BCE /* Products */;
			projectDirPath = "";
			projectRoot = "";
			targets = (
				546F0B3F240664B4000A2BCE /* MFAlertView */,
			);
		};
/* End PBXProject section */

/* Begin PBXResourcesBuildPhase section */
		546F0B3E240664B4000A2BCE /* Resources */ = {
			isa = PBXResourcesBuildPhase;
			buildActionMask = 2147483647;
			files = (
				546F0B50240664B5000A2BCE /* LaunchScreen.storyboard in Resources */,
				546F0B4D240664B5000A2BCE /* Assets.xcassets in Resources */,
				546F0B4B240664B4000A2BCE /* Main.storyboard in Resources */,
			);
			runOnlyForDeploymentPostprocessing = 0;
		};
/* End PBXResourcesBuildPhase section */

/* Begin PBXSourcesBuildPhase section */
		546F0B3C240664B4000A2BCE /* Sources */ = {
			isa = PBXSourcesBuildPhase;
			buildActionMask = 2147483647;
			files = (
				546F0B48240664B4000A2BCE /* ViewController.swift in Sources */,
				546F0B44240664B4000A2BCE /* AppDelegate.swift in Sources */,
				546F0B5824069451000A2BCE /* MFAlertView.swift in Sources */,
				546F0B46240664B4000A2BCE /* SceneDelegate.swift in Sources */,
			);
			runOnlyForDeploymentPostprocessing = 0;
		};
/* End PBXSourcesBuildPhase section */

/* Begin PBXVariantGroup section */
		546F0B49240664B4000A2BCE /* Main.storyboard */ = {
			isa = PBXVariantGroup;
			children = (
				546F0B4A240664B4000A2BCE /* Base */,
			);
			name = Main.storyboard;
			sourceTree = "<group>";
		};
		546F0B4E240664B5000A2BCE /* LaunchScreen.storyboard */ = {
			isa = PBXVariantGroup;
			children = (
				546F0B4F240664B5000A2BCE /* Base */,
			);
			name = LaunchScreen.storyboard;
			sourceTree = "<group>";
		};
/* End PBXVariantGroup section */

/* Begin XCBuildConfiguration section */
		546F0B52240664B5000A2BCE /* Debug */ = {
			isa = XCBuildConfiguration;
			buildSettings = {
				ALWAYS_SEARCH_USER_PATHS = NO;
				CLANG_ANALYZER_NONNULL = YES;
				CLANG_ANALYZER_NUMBER_OBJECT_CONVERSION = YES_AGGRESSIVE;
				CLANG_CXX_LANGUAGE_STANDARD = "gnu++14";
				CLANG_CXX_LIBRARY = "libc++";
				CLANG_ENABLE_MODULES = YES;
				CLANG_ENABLE_OBJC_ARC = YES;
				CLANG_ENABLE_OBJC_WEAK = YES;
				CLANG_WARN_BLOCK_CAPTURE_AUTORELEASING = YES;
				CLANG_WARN_BOOL_CONVERSION = YES;
				CLANG_WARN_COMMA = YES;
				CLANG_WARN_CONSTANT_CONVERSION = YES;
				CLANG_WARN_DEPRECATED_OBJC_IMPLEMENTATIONS = YES;
				CLANG_WARN_DIRECT_OBJC_ISA_USAGE = YES_ERROR;
				CLANG_WARN_DOCUMENTATION_COMMENTS = YES;
				CLANG_WARN_EMPTY_BODY = YES;
				CLANG_WARN_ENUM_CONVERSION = YES;
				CLANG_WARN_INFINITE_RECURSION = YES;
				CLANG_WARN_INT_CONVERSION = YES;
				CLANG_WARN_NON_LITERAL_NULL_CONVERSION = YES;
				CLANG_WARN_OBJC_IMPLICIT_RETAIN_SELF = YES;
				CLANG_WARN_OBJC_LITERAL_CONVERSION = YES;
				CLANG_WARN_OBJC_ROOT_CLASS = YES_ERROR;
				CLANG_WARN_RANGE_LOOP_ANALYSIS = YES;
				CLANG_WARN_STRICT_PROTOTYPES = YES;
				CLANG_WARN_SUSPICIOUS_MOVE = YES;
				CLANG_WARN_UNGUARDED_AVAILABILITY = YES_AGGRESSIVE;
				CLANG_WARN_UNREACHABLE_CODE = YES;
				CLANG_WARN__DUPLICATE_METHOD_MATCH = YES;
				COPY_PHASE_STRIP = NO;
				DEBUG_INFORMATION_FORMAT = dwarf;
				ENABLE_STRICT_OBJC_MSGSEND = YES;
				ENABLE_TESTABILITY = YES;
				GCC_C_LANGUAGE_STANDARD = gnu11;
				GCC_DYNAMIC_NO_PIC = NO;
				GCC_NO_COMMON_BLOCKS = YES;
				GCC_OPTIMIZATION_LEVEL = 0;
				GCC_PREPROCESSOR_DEFINITIONS = (
					"DEBUG=1",
					"$(inherited)",
				);
				GCC_WARN_64_TO_32_BIT_CONVERSION = YES;
				GCC_WARN_ABOUT_RETURN_TYPE = YES_ERROR;
				GCC_WARN_UNDECLARED_SELECTOR = YES;
				GCC_WARN_UNINITIALIZED_AUTOS = YES_AGGRESSIVE;
				GCC_WARN_UNUSED_FUNCTION = YES;
				GCC_WARN_UNUSED_VARIABLE = YES;
				IPHONEOS_DEPLOYMENT_TARGET = 13.2;
				MTL_ENABLE_DEBUG_INFO = INCLUDE_SOURCE;
				MTL_FAST_MATH = YES;
				ONLY_ACTIVE_ARCH = YES;
				SDKROOT = iphoneos;
				SWIFT_ACTIVE_COMPILATION_CONDITIONS = DEBUG;
				SWIFT_OPTIMIZATION_LEVEL = "-Onone";
			};
			name = Debug;
		};
		546F0B53240664B5000A2BCE /* Release */ = {
			isa = XCBuildConfiguration;
			buildSettings = {
				ALWAYS_SEARCH_USER_PATHS = NO;
				CLANG_ANALYZER_NONNULL = YES;
				CLANG_ANALYZER_NUMBER_OBJECT_CONVERSION = YES_AGGRESSIVE;
				CLANG_CXX_LANGUAGE_STANDARD = "gnu++14";
				CLANG_CXX_LIBRARY = "libc++";
				CLANG_ENABLE_MODULES = YES;
				CLANG_ENABLE_OBJC_ARC = YES;
				CLANG_ENABLE_OBJC_WEAK = YES;
				CLANG_WARN_BLOCK_CAPTURE_AUTORELEASING = YES;
				CLANG_WARN_BOOL_CONVERSION = YES;
				CLANG_WARN_COMMA = YES;
				CLANG_WARN_CONSTANT_CONVERSION = YES;
				CLANG_WARN_DEPRECATED_OBJC_IMPLEMENTATIONS = YES;
				CLANG_WARN_DIRECT_OBJC_ISA_USAGE = YES_ERROR;
				CLANG_WARN_DOCUMENTATION_COMMENTS = YES;
				CLANG_WARN_EMPTY_BODY = YES;
				CLANG_WARN_ENUM_CONVERSION = YES;
				CLANG_WARN_INFINITE_RECURSION = YES;
				CLANG_WARN_INT_CONVERSION = YES;
				CLANG_WARN_NON_LITERAL_NULL_CONVERSION = YES;
				CLANG_WARN_OBJC_IMPLICIT_RETAIN_SELF = YES;
				CLANG_WARN_OBJC_LITERAL_CONVERSION = YES;
				CLANG_WARN_OBJC_ROOT_CLASS = YES_ERROR;
				CLANG_WARN_RANGE_LOOP_ANALYSIS = YES;
				CLANG_WARN_STRICT_PROTOTYPES = YES;
				CLANG_WARN_SUSPICIOUS_MOVE = YES;
				CLANG_WARN_UNGUARDED_AVAILABILITY = YES_AGGRESSIVE;
				CLANG_WARN_UNREACHABLE_CODE = YES;
				CLANG_WARN__DUPLICATE_METHOD_MATCH = YES;
				COPY_PHASE_STRIP = NO;
				DEBUG_INFORMATION_FORMAT = "dwarf-with-dsym";
				ENABLE_NS_ASSERTIONS = NO;
				ENABLE_STRICT_OBJC_MSGSEND = YES;
				GCC_C_LANGUAGE_STANDARD = gnu11;
				GCC_NO_COMMON_BLOCKS = YES;
				GCC_WARN_64_TO_32_BIT_CONVERSION = YES;
				GCC_WARN_ABOUT_RETURN_TYPE = YES_ERROR;
				GCC_WARN_UNDECLARED_SELECTOR = YES;
				GCC_WARN_UNINITIALIZED_AUTOS = YES_AGGRESSIVE;
				GCC_WARN_UNUSED_FUNCTION = YES;
				GCC_WARN_UNUSED_VARIABLE = YES;
				IPHONEOS_DEPLOYMENT_TARGET = 13.2;
				MTL_ENABLE_DEBUG_INFO = NO;
				MTL_FAST_MATH = YES;
				SDKROOT = iphoneos;
				SWIFT_COMPILATION_MODE = wholemodule;
				SWIFT_OPTIMIZATION_LEVEL = "-O";
				VALIDATE_PRODUCT = YES;
			};
			name = Release;
		};
		546F0B55240664B5000A2BCE /* Debug */ = {
			isa = XCBuildConfiguration;
			buildSettings = {
				ASSETCATALOG_COMPILER_APPICON_NAME = AppIcon;
				CODE_SIGN_STYLE = Automatic;
				DEVELOPMENT_TEAM = AWURGJVQHQ;
				INFOPLIST_FILE = MFAlertView/Info.plist;
				IPHONEOS_DEPLOYMENT_TARGET = 8.0;
				LD_RUNPATH_SEARCH_PATHS = (
					"$(inherited)",
					"@executable_path/Frameworks",
				);
				PRODUCT_BUNDLE_IDENTIFIER = com.wxh.MFAlertView;
				PRODUCT_NAME = "$(TARGET_NAME)";
				SWIFT_VERSION = 5.0;
				TARGETED_DEVICE_FAMILY = "1,2";
			};
			name = Debug;
		};
		546F0B56240664B5000A2BCE /* Release */ = {
			isa = XCBuildConfiguration;
			buildSettings = {
				ASSETCATALOG_COMPILER_APPICON_NAME = AppIcon;
				CODE_SIGN_STYLE = Automatic;
				DEVELOPMENT_TEAM = AWURGJVQHQ;
				INFOPLIST_FILE = MFAlertView/Info.plist;
				IPHONEOS_DEPLOYMENT_TARGET = 8.0;
				LD_RUNPATH_SEARCH_PATHS = (
					"$(inherited)",
					"@executable_path/Frameworks",
				);
				PRODUCT_BUNDLE_IDENTIFIER = com.wxh.MFAlertView;
				PRODUCT_NAME = "$(TARGET_NAME)";
				SWIFT_VERSION = 5.0;
				TARGETED_DEVICE_FAMILY = "1,2";
			};
			name = Release;
		};
/* End XCBuildConfiguration section */

/* Begin XCConfigurationList section */
		546F0B3B240664B4000A2BCE /* Build configuration list for PBXProject "MFAlertView" */ = {
			isa = XCConfigurationList;
			buildConfigurations = (
				546F0B52240664B5000A2BCE /* Debug */,
				546F0B53240664B5000A2BCE /* Release */,
			);
			defaultConfigurationIsVisible = 0;
			defaultConfigurationName = Release;
		};
		546F0B54240664B5000A2BCE /* Build configuration list for PBXNativeTarget "MFAlertView" */ = {
			isa = XCConfigurationList;
			buildConfigurations = (
				546F0B55240664B5000A2BCE /* Debug */,
				546F0B56240664B5000A2BCE /* Release */,
			);
			defaultConfigurationIsVisible = 0;
			defaultConfigurationName = Release;
		};
/* End XCConfigurationList section */
	};
	rootObject = 546F0B38240664B4000A2BCE /* Project object */;
}
